// !$*UTF8*$!
{
	archiveVersion = 1;
	classes = {
	};
	objectVersion = 56;
	objects = {

/* Begin PBXBuildFile section */
		E5CD210C2C75F3FE00F152CE /* Little_LemonApp.swift in Sources */ = {isa = PBXBuildFile; fileRef = E5CD210B2C75F3FE00F152CE /* Little_LemonApp.swift */; };
		E5CD210E2C75F3FE00F152CE /* ContentView.swift in Sources */ = {isa = PBXBuildFile; fileRef = E5CD210D2C75F3FE00F152CE /* ContentView.swift */; };
		E5CD21102C75F3FF00F152CE /* Assets.xcassets in Resources */ = {isa = PBXBuildFile; fileRef = E5CD210F2C75F3FF00F152CE /* Assets.xcassets */; };
		E5CD21132C75F3FF00F152CE /* Preview Assets.xcassets in Resources */ = {isa = PBXBuildFile; fileRef = E5CD21122C75F3FF00F152CE /* Preview Assets.xcassets */; };
		E5CD211D2C75F48000F152CE /* Onboarding.swift in Sources */ = {isa = PBXBuildFile; fileRef = E5CD211C2C75F48000F152CE /* Onboarding.swift */; };
		E5CD21212C75FAF400F152CE /* Verification.swift in Sources */ = {isa = PBXBuildFile; fileRef = E5CD21202C75FAF400F152CE /* Verification.swift */; };
		E5CD21232C7611C700F152CE /* Home.swift in Sources */ = {isa = PBXBuildFile; fileRef = E5CD21222C7611C700F152CE /* Home.swift */; };
		E5CD21252C7612FD00F152CE /* Menu.swift in Sources */ = {isa = PBXBuildFile; fileRef = E5CD21242C7612FD00F152CE /* Menu.swift */; };
		E5CD21272C7621B800F152CE /* UserProfile.swift in Sources */ = {isa = PBXBuildFile; fileRef = E5CD21262C7621B800F152CE /* UserProfile.swift */; };
		E5CD212A2C76DBE400F152CE /* FetchedObjects.swift in Sources */ = {isa = PBXBuildFile; fileRef = E5CD21282C76DBE400F152CE /* FetchedObjects.swift */; };
		E5CD212B2C76DBE400F152CE /* Persistence.swift in Sources */ = {isa = PBXBuildFile; fileRef = E5CD21292C76DBE400F152CE /* Persistence.swift */; };
		E5CD212D2C76DC8600F152CE /* MenuList.swift in Sources */ = {isa = PBXBuildFile; fileRef = E5CD212C2C76DC8600F152CE /* MenuList.swift */; };
		E5CD212F2C76DC9200F152CE /* MenuItem.swift in Sources */ = {isa = PBXBuildFile; fileRef = E5CD212E2C76DC9200F152CE /* MenuItem.swift */; };
		E5CD21322C76F01C00F152CE /* ExampleDatabase.xcdatamodeld in Sources */ = {isa = PBXBuildFile; fileRef = E5CD21302C76F01C00F152CE /* ExampleDatabase.xcdatamodeld */; };
		E5CD21342C76F6FF00F152CE /* Detail.swift in Sources */ = {isa = PBXBuildFile; fileRef = E5CD21332C76F6FF00F152CE /* Detail.swift */; };
		E5CD213A2C77491200F152CE /* Hero.swift in Sources */ = {isa = PBXBuildFile; fileRef = E5CD21392C77491200F152CE /* Hero.swift */; };
		E5CD213E2C77529100F152CE /* UIKit.swift in Sources */ = {isa = PBXBuildFile; fileRef = E5CD213D2C77529100F152CE /* UIKit.swift */; };
		E5CD21412C783A9700F152CE /* CategoryList.swift in Sources */ = {isa = PBXBuildFile; fileRef = E5CD21402C783A9700F152CE /* CategoryList.swift */; };
		E5CD21432C78AAA500F152CE /* UserProfileData.swift in Sources */ = {isa = PBXBuildFile; fileRef = E5CD21422C78AAA500F152CE /* UserProfileData.swift */; };
/* End PBXBuildFile section */

/* Begin PBXFileReference section */
		E5CD21082C75F3FE00F152CE /* Little Lemon.app */ = {isa = PBXFileReference; explicitFileType = wrapper.application; includeInIndex = 0; path = "Little Lemon.app"; sourceTree = BUILT_PRODUCTS_DIR; };
		E5CD210B2C75F3FE00F152CE /* Little_LemonApp.swift */ = {isa = PBXFileReference; lastKnownFileType = sourcecode.swift; path = Little_LemonApp.swift; sourceTree = "<group>"; };
		E5CD210D2C75F3FE00F152CE /* ContentView.swift */ = {isa = PBXFileReference; lastKnownFileType = sourcecode.swift; path = ContentView.swift; sourceTree = "<group>"; };
		E5CD210F2C75F3FF00F152CE /* Assets.xcassets */ = {isa = PBXFileReference; lastKnownFileType = folder.assetcatalog; path = Assets.xcassets; sourceTree = "<group>"; };
		E5CD21122C75F3FF00F152CE /* Preview Assets.xcassets */ = {isa = PBXFileReference; lastKnownFileType = folder.assetcatalog; path = "Preview Assets.xcassets"; sourceTree = "<group>"; };
		E5CD211C2C75F48000F152CE /* Onboarding.swift */ = {isa = PBXFileReference; lastKnownFileType = sourcecode.swift; path = Onboarding.swift; sourceTree = "<group>"; };
		E5CD21202C75FAF400F152CE /* Verification.swift */ = {isa = PBXFileReference; lastKnownFileType = sourcecode.swift; path = Verification.swift; sourceTree = "<group>"; };
		E5CD21222C7611C700F152CE /* Home.swift */ = {isa = PBXFileReference; lastKnownFileType = sourcecode.swift; path = Home.swift; sourceTree = "<group>"; };
		E5CD21242C7612FD00F152CE /* Menu.swift */ = {isa = PBXFileReference; lastKnownFileType = sourcecode.swift; path = Menu.swift; sourceTree = "<group>"; };
		E5CD21262C7621B800F152CE /* UserProfile.swift */ = {isa = PBXFileReference; lastKnownFileType = sourcecode.swift; path = UserProfile.swift; sourceTree = "<group>"; };
		E5CD21282C76DBE400F152CE /* FetchedObjects.swift */ = {isa = PBXFileReference; fileEncoding = 4; lastKnownFileType = sourcecode.swift; path = FetchedObjects.swift; sourceTree = "<group>"; };
		E5CD21292C76DBE400F152CE /* Persistence.swift */ = {isa = PBXFileReference; fileEncoding = 4; lastKnownFileType = sourcecode.swift; path = Persistence.swift; sourceTree = "<group>"; };
		E5CD212C2C76DC8600F152CE /* MenuList.swift */ = {isa = PBXFileReference; lastKnownFileType = sourcecode.swift; path = MenuList.swift; sourceTree = "<group>"; };
		E5CD212E2C76DC9200F152CE /* MenuItem.swift */ = {isa = PBXFileReference; lastKnownFileType = sourcecode.swift; path = MenuItem.swift; sourceTree = "<group>"; };
		E5CD21312C76F01C00F152CE /* ExampleDatabase.xcdatamodel */ = {isa = PBXFileReference; lastKnownFileType = wrapper.xcdatamodel; path = ExampleDatabase.xcdatamodel; sourceTree = "<group>"; };
		E5CD21332C76F6FF00F152CE /* Detail.swift */ = {isa = PBXFileReference; lastKnownFileType = sourcecode.swift; path = Detail.swift; sourceTree = "<group>"; };
		E5CD21392C77491200F152CE /* Hero.swift */ = {isa = PBXFileReference; lastKnownFileType = sourcecode.swift; path = Hero.swift; sourceTree = "<group>"; };
		E5CD213D2C77529100F152CE /* UIKit.swift */ = {isa = PBXFileReference; lastKnownFileType = sourcecode.swift; path = UIKit.swift; sourceTree = "<group>"; };
		E5CD21402C783A9700F152CE /* CategoryList.swift */ = {isa = PBXFileReference; lastKnownFileType = sourcecode.swift; path = CategoryList.swift; sourceTree = "<group>"; };
		E5CD21422C78AAA500F152CE /* UserProfileData.swift */ = {isa = PBXFileReference; lastKnownFileType = sourcecode.swift; path = UserProfileData.swift; sourceTree = "<group>"; };
/* End PBXFileReference section */

/* Begin PBXFrameworksBuildPhase section */
		E5CD21052C75F3FE00F152CE /* Frameworks */ = {
			isa = PBXFrameworksBuildPhase;
			buildActionMask = 2147483647;
			files = (
			);
			runOnlyForDeploymentPostprocessing = 0;
		};
/* End PBXFrameworksBuildPhase section */

/* Begin PBXGroup section */
		E5CD20FF2C75F3FE00F152CE = {
			isa = PBXGroup;
			children = (
				E5CD210A2C75F3FE00F152CE /* Little Lemon */,
				E5CD21092C75F3FE00F152CE /* Products */,
			);
			sourceTree = "<group>";
		};
		E5CD21092C75F3FE00F152CE /* Products */ = {
			isa = PBXGroup;
			children = (
				E5CD21082C75F3FE00F152CE /* Little Lemon.app */,
			);
			name = Products;
			sourceTree = "<group>";
		};
		E5CD210A2C75F3FE00F152CE /* Little Lemon */ = {
			isa = PBXGroup;
			children = (
				E5CD21282C76DBE400F152CE /* FetchedObjects.swift */,
				E5CD21292C76DBE400F152CE /* Persistence.swift */,
				E5CD211F2C75FAE800F152CE /* Apps */,
				E5CD211E2C75FAC700F152CE /* Models */,
				E5CD21192C75F43C00F152CE /* Views */,
				E5CD210B2C75F3FE00F152CE /* Little_LemonApp.swift */,
				E5CD210F2C75F3FF00F152CE /* Assets.xcassets */,
				E5CD21112C75F3FF00F152CE /* Preview Content */,
				E5CD21302C76F01C00F152CE /* ExampleDatabase.xcdatamodeld */,
			);
			path = "Little Lemon";
			sourceTree = "<group>";
		};
		E5CD21112C75F3FF00F152CE /* Preview Content */ = {
			isa = PBXGroup;
			children = (
				E5CD21122C75F3FF00F152CE /* Preview Assets.xcassets */,
			);
			path = "Preview Content";
			sourceTree = "<group>";
		};
		E5CD21192C75F43C00F152CE /* Views */ = {
			isa = PBXGroup;
			children = (
				E5CD213F2C783A8800F152CE /* Menu */,
				E5CD210D2C75F3FE00F152CE /* ContentView.swift */,
				E5CD211C2C75F48000F152CE /* Onboarding.swift */,
				E5CD21222C7611C700F152CE /* Home.swift */,
				E5CD21262C7621B800F152CE /* UserProfile.swift */,
				E5CD21332C76F6FF00F152CE /* Detail.swift */,
				E5CD21392C77491200F152CE /* Hero.swift */,
			);
			path = Views;
			sourceTree = "<group>";
		};
		E5CD211E2C75FAC700F152CE /* Models */ = {
			isa = PBXGroup;
			children = (
				E5CD212C2C76DC8600F152CE /* MenuList.swift */,
				E5CD212E2C76DC9200F152CE /* MenuItem.swift */,
				E5CD21422C78AAA500F152CE /* UserProfileData.swift */,
			);
			path = Models;
			sourceTree = "<group>";
		};
		E5CD211F2C75FAE800F152CE /* Apps */ = {
			isa = PBXGroup;
			children = (
				E5CD21202C75FAF400F152CE /* Verification.swift */,
				E5CD213D2C77529100F152CE /* UIKit.swift */,
			);
			path = Apps;
			sourceTree = "<group>";
		};
		E5CD213F2C783A8800F152CE /* Menu */ = {
			isa = PBXGroup;
			children = (
				E5CD21242C7612FD00F152CE /* Menu.swift */,
				E5CD21402C783A9700F152CE /* CategoryList.swift */,
			);
			path = Menu;
			sourceTree = "<group>";
		};
/* End PBXGroup section */

/* Begin PBXNativeTarget section */
		E5CD21072C75F3FE00F152CE /* Little Lemon */ = {
			isa = PBXNativeTarget;
			buildConfigurationList = E5CD21162C75F3FF00F152CE /* Build configuration list for PBXNativeTarget "Little Lemon" */;
			buildPhases = (
				E5CD21042C75F3FE00F152CE /* Sources */,
				E5CD21052C75F3FE00F152CE /* Frameworks */,
				E5CD21062C75F3FE00F152CE /* Resources */,
			);
			buildRules = (
			);
			dependencies = (
			);
			name = "Little Lemon";
			productName = "Little Lemon";
			productReference = E5CD21082C75F3FE00F152CE /* Little Lemon.app */;
			productType = "com.apple.product-type.application";
		};
/* End PBXNativeTarget section */

/* Begin PBXProject section */
		E5CD21002C75F3FE00F152CE /* Project object */ = {
			isa = PBXProject;
			attributes = {
				BuildIndependentTargetsInParallel = 1;
				LastSwiftUpdateCheck = 1540;
				LastUpgradeCheck = 1540;
				TargetAttributes = {
					E5CD21072C75F3FE00F152CE = {
						CreatedOnToolsVersion = 15.4;
					};
				};
			};
			buildConfigurationList = E5CD21032C75F3FE00F152CE /* Build configuration list for PBXProject "Little Lemon" */;
			compatibilityVersion = "Xcode 14.0";
			developmentRegion = en;
			hasScannedForEncodings = 0;
			knownRegions = (
				en,
				Base,
			);
			mainGroup = E5CD20FF2C75F3FE00F152CE;
			productRefGroup = E5CD21092C75F3FE00F152CE /* Products */;
			projectDirPath = "";
			projectRoot = "";
			targets = (
				E5CD21072C75F3FE00F152CE /* Little Lemon */,
			);
		};
/* End PBXProject section */

/* Begin PBXResourcesBuildPhase section */
		E5CD21062C75F3FE00F152CE /* Resources */ = {
			isa = PBXResourcesBuildPhase;
			buildActionMask = 2147483647;
			files = (
				E5CD21132C75F3FF00F152CE /* Preview Assets.xcassets in Resources */,
				E5CD21102C75F3FF00F152CE /* Assets.xcassets in Resources */,
			);
			runOnlyForDeploymentPostprocessing = 0;
		};
/* End PBXResourcesBuildPhase section */

/* Begin PBXSourcesBuildPhase section */
		E5CD21042C75F3FE00F152CE /* Sources */ = {
			isa = PBXSourcesBuildPhase;
			buildActionMask = 2147483647;
			files = (
				E5CD212B2C76DBE400F152CE /* Persistence.swift in Sources */,
				E5CD21252C7612FD00F152CE /* Menu.swift in Sources */,
				E5CD21212C75FAF400F152CE /* Verification.swift in Sources */,
				E5CD21432C78AAA500F152CE /* UserProfileData.swift in Sources */,
				E5CD21272C7621B800F152CE /* UserProfile.swift in Sources */,
				E5CD211D2C75F48000F152CE /* Onboarding.swift in Sources */,
				E5CD213A2C77491200F152CE /* Hero.swift in Sources */,
				E5CD212A2C76DBE400F152CE /* FetchedObjects.swift in Sources */,
				E5CD21412C783A9700F152CE /* CategoryList.swift in Sources */,
				E5CD21232C7611C700F152CE /* Home.swift in Sources */,
				E5CD210E2C75F3FE00F152CE /* ContentView.swift in Sources */,
				E5CD212F2C76DC9200F152CE /* MenuItem.swift in Sources */,
				E5CD21322C76F01C00F152CE /* ExampleDatabase.xcdatamodeld in Sources */,
				E5CD212D2C76DC8600F152CE /* MenuList.swift in Sources */,
				E5CD213E2C77529100F152CE /* UIKit.swift in Sources */,
				E5CD210C2C75F3FE00F152CE /* Little_LemonApp.swift in Sources */,
				E5CD21342C76F6FF00F152CE /* Detail.swift in Sources */,
			);
			runOnlyForDeploymentPostprocessing = 0;
		};
/* End PBXSourcesBuildPhase section */

/* Begin XCBuildConfiguration section */
		E5CD21142C75F3FF00F152CE /* Debug */ = {
			isa = XCBuildConfiguration;
			buildSettings = {
				ALWAYS_SEARCH_USER_PATHS = NO;
				ASSETCATALOG_COMPILER_GENERATE_SWIFT_ASSET_SYMBOL_EXTENSIONS = YES;
				CLANG_ANALYZER_NONNULL = YES;
				CLANG_ANALYZER_NUMBER_OBJECT_CONVERSION = YES_AGGRESSIVE;
				CLANG_CXX_LANGUAGE_STANDARD = "gnu++20";
				CLANG_ENABLE_MODULES = YES;
				CLANG_ENABLE_OBJC_ARC = YES;
				CLANG_ENABLE_OBJC_WEAK = YES;
				CLANG_WARN_BLOCK_CAPTURE_AUTORELEASING = YES;
				CLANG_WARN_BOOL_CONVERSION = YES;
				CLANG_WARN_COMMA = YES;
				CLANG_WARN_CONSTANT_CONVERSION = YES;
				CLANG_WARN_DEPRECATED_OBJC_IMPLEMENTATIONS = YES;
				CLANG_WARN_DIRECT_OBJC_ISA_USAGE = YES_ERROR;
				CLANG_WARN_DOCUMENTATION_COMMENTS = YES;
				CLANG_WARN_EMPTY_BODY = YES;
				CLANG_WARN_ENUM_CONVERSION = YES;
				CLANG_WARN_INFINITE_RECURSION = YES;
				CLANG_WARN_INT_CONVERSION = YES;
				CLANG_WARN_NON_LITERAL_NULL_CONVERSION = YES;
				CLANG_WARN_OBJC_IMPLICIT_RETAIN_SELF = YES;
				CLANG_WARN_OBJC_LITERAL_CONVERSION = YES;
				CLANG_WARN_OBJC_ROOT_CLASS = YES_ERROR;
				CLANG_WARN_QUOTED_INCLUDE_IN_FRAMEWORK_HEADER = YES;
				CLANG_WARN_RANGE_LOOP_ANALYSIS = YES;
				CLANG_WARN_STRICT_PROTOTYPES = YES;
				CLANG_WARN_SUSPICIOUS_MOVE = YES;
				CLANG_WARN_UNGUARDED_AVAILABILITY = YES_AGGRESSIVE;
				CLANG_WARN_UNREACHABLE_CODE = YES;
				CLANG_WARN__DUPLICATE_METHOD_MATCH = YES;
				COPY_PHASE_STRIP = NO;
				DEBUG_INFORMATION_FORMAT = dwarf;
				ENABLE_STRICT_OBJC_MSGSEND = YES;
				ENABLE_TESTABILITY = YES;
				ENABLE_USER_SCRIPT_SANDBOXING = YES;
				GCC_C_LANGUAGE_STANDARD = gnu17;
				GCC_DYNAMIC_NO_PIC = NO;
				GCC_NO_COMMON_BLOCKS = YES;
				GCC_OPTIMIZATION_LEVEL = 0;
				GCC_PREPROCESSOR_DEFINITIONS = (
					"DEBUG=1",
					"$(inherited)",
				);
				GCC_WARN_64_TO_32_BIT_CONVERSION = YES;
				GCC_WARN_ABOUT_RETURN_TYPE = YES_ERROR;
				GCC_WARN_UNDECLARED_SELECTOR = YES;
				GCC_WARN_UNINITIALIZED_AUTOS = YES_AGGRESSIVE;
				GCC_WARN_UNUSED_FUNCTION = YES;
				GCC_WARN_UNUSED_VARIABLE = YES;
				IPHONEOS_DEPLOYMENT_TARGET = 17.5;
				LOCALIZATION_PREFERS_STRING_CATALOGS = YES;
				MTL_ENABLE_DEBUG_INFO = INCLUDE_SOURCE;
				MTL_FAST_MATH = YES;
				ONLY_ACTIVE_ARCH = YES;
				SDKROOT = iphoneos;
				SWIFT_ACTIVE_COMPILATION_CONDITIONS = "DEBUG $(inherited)";
				SWIFT_OPTIMIZATION_LEVEL = "-Onone";
			};
			name = Debug;
		};
		E5CD21152C75F3FF00F152CE /* Release */ = {
			isa = XCBuildConfiguration;
			buildSettings = {
				ALWAYS_SEARCH_USER_PATHS = NO;
				ASSETCATALOG_COMPILER_GENERATE_SWIFT_ASSET_SYMBOL_EXTENSIONS = YES;
				CLANG_ANALYZER_NONNULL = YES;
				CLANG_ANALYZER_NUMBER_OBJECT_CONVERSION = YES_AGGRESSIVE;
				CLANG_CXX_LANGUAGE_STANDARD = "gnu++20";
				CLANG_ENABLE_MODULES = YES;
				CLANG_ENABLE_OBJC_ARC = YES;
				CLANG_ENABLE_OBJC_WEAK = YES;
				CLANG_WARN_BLOCK_CAPTURE_AUTORELEASING = YES;
				CLANG_WARN_BOOL_CONVERSION = YES;
				CLANG_WARN_COMMA = YES;
				CLANG_WARN_CONSTANT_CONVERSION = YES;
				CLANG_WARN_DEPRECATED_OBJC_IMPLEMENTATIONS = YES;
				CLANG_WARN_DIRECT_OBJC_ISA_USAGE = YES_ERROR;
				CLANG_WARN_DOCUMENTATION_COMMENTS = YES;
				CLANG_WARN_EMPTY_BODY = YES;
				CLANG_WARN_ENUM_CONVERSION = YES;
				CLANG_WARN_INFINITE_RECURSION = YES;
				CLANG_WARN_INT_CONVERSION = YES;
				CLANG_WARN_NON_LITERAL_NULL_CONVERSION = YES;
				CLANG_WARN_OBJC_IMPLICIT_RETAIN_SELF = YES;
				CLANG_WARN_OBJC_LITERAL_CONVERSION = YES;
				CLANG_WARN_OBJC_ROOT_CLASS = YES_ERROR;
				CLANG_WARN_QUOTED_INCLUDE_IN_FRAMEWORK_HEADER = YES;
				CLANG_WARN_RANGE_LOOP_ANALYSIS = YES;
				CLANG_WARN_STRICT_PROTOTYPES = YES;
				CLANG_WARN_SUSPICIOUS_MOVE = YES;
				CLANG_WARN_UNGUARDED_AVAILABILITY = YES_AGGRESSIVE;
				CLANG_WARN_UNREACHABLE_CODE = YES;
				CLANG_WARN__DUPLICATE_METHOD_MATCH = YES;
				COPY_PHASE_STRIP = NO;
				DEBUG_INFORMATION_FORMAT = "dwarf-with-dsym";
				ENABLE_NS_ASSERTIONS = NO;
				ENABLE_STRICT_OBJC_MSGSEND = YES;
				ENABLE_USER_SCRIPT_SANDBOXING = YES;
				GCC_C_LANGUAGE_STANDARD = gnu17;
				GCC_NO_COMMON_BLOCKS = YES;
				GCC_WARN_64_TO_32_BIT_CONVERSION = YES;
				GCC_WARN_ABOUT_RETURN_TYPE = YES_ERROR;
				GCC_WARN_UNDECLARED_SELECTOR = YES;
				GCC_WARN_UNINITIALIZED_AUTOS = YES_AGGRESSIVE;
				GCC_WARN_UNUSED_FUNCTION = YES;
				GCC_WARN_UNUSED_VARIABLE = YES;
				IPHONEOS_DEPLOYMENT_TARGET = 17.5;
				LOCALIZATION_PREFERS_STRING_CATALOGS = YES;
				MTL_ENABLE_DEBUG_INFO = NO;
				MTL_FAST_MATH = YES;
				SDKROOT = iphoneos;
				SWIFT_COMPILATION_MODE = wholemodule;
				VALIDATE_PRODUCT = YES;
			};
			name = Release;
		};
		E5CD21172C75F3FF00F152CE /* Debug */ = {
			isa = XCBuildConfiguration;
			buildSettings = {
				ASSETCATALOG_COMPILER_APPICON_NAME = AppIcon;
				ASSETCATALOG_COMPILER_GLOBAL_ACCENT_COLOR_NAME = AccentColor;
				CODE_SIGN_STYLE = Automatic;
				CURRENT_PROJECT_VERSION = 1;
				DEVELOPMENT_ASSET_PATHS = "\"Little Lemon/Preview Content\"";
				DEVELOPMENT_TEAM = RW7HT7N45K;
				ENABLE_PREVIEWS = YES;
				GENERATE_INFOPLIST_FILE = YES;
				INFOPLIST_KEY_UIApplicationSceneManifest_Generation = YES;
				INFOPLIST_KEY_UIApplicationSupportsIndirectInputEvents = YES;
				INFOPLIST_KEY_UILaunchScreen_Generation = YES;
				INFOPLIST_KEY_UISupportedInterfaceOrientations_iPad = "UIInterfaceOrientationPortrait UIInterfaceOrientationPortraitUpsideDown UIInterfaceOrientationLandscapeLeft UIInterfaceOrientationLandscapeRight";
				INFOPLIST_KEY_UISupportedInterfaceOrientations_iPhone = "UIInterfaceOrientationPortrait UIInterfaceOrientationLandscapeLeft UIInterfaceOrientationLandscapeRight";
				LD_RUNPATH_SEARCH_PATHS = (
					"$(inherited)",
					"@executable_path/Frameworks",
				);
				MARKETING_VERSION = 1.0;
				PRODUCT_BUNDLE_IDENTIFIER = "com.yunwe.Little-Lemon";
				PRODUCT_NAME = "$(TARGET_NAME)";
				SWIFT_EMIT_LOC_STRINGS = YES;
				SWIFT_VERSION = 5.0;
				TARGETED_DEVICE_FAMILY = "1,2";
			};
			name = Debug;
		};
		E5CD21182C75F3FF00F152CE /* Release */ = {
			isa = XCBuildConfiguration;
			buildSettings = {
				ASSETCATALOG_COMPILER_APPICON_NAME = AppIcon;
				ASSETCATALOG_COMPILER_GLOBAL_ACCENT_COLOR_NAME = AccentColor;
				CODE_SIGN_STYLE = Automatic;
				CURRENT_PROJECT_VERSION = 1;
				DEVELOPMENT_ASSET_PATHS = "\"Little Lemon/Preview Content\"";
				DEVELOPMENT_TEAM = RW7HT7N45K;
				ENABLE_PREVIEWS = YES;
				GENERATE_INFOPLIST_FILE = YES;
				INFOPLIST_KEY_UIApplicationSceneManifest_Generation = YES;
				INFOPLIST_KEY_UIApplicationSupportsIndirectInputEvents = YES;
				INFOPLIST_KEY_UILaunchScreen_Generation = YES;
				INFOPLIST_KEY_UISupportedInterfaceOrientations_iPad = "UIInterfaceOrientationPortrait UIInterfaceOrientationPortraitUpsideDown UIInterfaceOrientationLandscapeLeft UIInterfaceOrientationLandscapeRight";
				INFOPLIST_KEY_UISupportedInterfaceOrientations_iPhone = "UIInterfaceOrientationPortrait UIInterfaceOrientationLandscapeLeft UIInterfaceOrientationLandscapeRight";
				LD_RUNPATH_SEARCH_PATHS = (
					"$(inherited)",
					"@executable_path/Frameworks",
				);
				MARKETING_VERSION = 1.0;
				PRODUCT_BUNDLE_IDENTIFIER = "com.yunwe.Little-Lemon";
				PRODUCT_NAME = "$(TARGET_NAME)";
				SWIFT_EMIT_LOC_STRINGS = YES;
				SWIFT_VERSION = 5.0;
				TARGETED_DEVICE_FAMILY = "1,2";
			};
			name = Release;
		};
/* End XCBuildConfiguration section */

/* Begin XCConfigurationList section */
		E5CD21032C75F3FE00F152CE /* Build configuration list for PBXProject "Little Lemon" */ = {
			isa = XCConfigurationList;
			buildConfigurations = (
				E5CD21142C75F3FF00F152CE /* Debug */,
				E5CD21152C75F3FF00F152CE /* Release */,
			);
			defaultConfigurationIsVisible = 0;
			defaultConfigurationName = Release;
		};
		E5CD21162C75F3FF00F152CE /* Build configuration list for PBXNativeTarget "Little Lemon" */ = {
			isa = XCConfigurationList;
			buildConfigurations = (
				E5CD21172C75F3FF00F152CE /* Debug */,
				E5CD21182C75F3FF00F152CE /* Release */,
			);
			defaultConfigurationIsVisible = 0;
			defaultConfigurationName = Release;
		};
/* End XCConfigurationList section */

/* Begin XCVersionGroup section */
		E5CD21302C76F01C00F152CE /* ExampleDatabase.xcdatamodeld */ = {
			isa = XCVersionGroup;
			children = (
				E5CD21312C76F01C00F152CE /* ExampleDatabase.xcdatamodel */,
			);
			currentVersion = E5CD21312C76F01C00F152CE /* ExampleDatabase.xcdatamodel */;
			name = ExampleDatabase.xcdatamodeld;
			path = "/Users/yunwe/Projects/playground/iOS-Capstone/Little Lemon/Little Lemon/ExampleDatabase.xcdatamodeld";
			sourceTree = "<group>";
			versionGroupType = wrapper.xcdatamodel;
		};
/* End XCVersionGroup section */
	};
	rootObject = E5CD21002C75F3FE00F152CE /* Project object */;
}
